schema: '2.0'
stages:
  data_ingestion:
    cmd: python src/data_ingestion.py
    deps:
    - path: src/data_ingestion.py
      hash: md5
      md5: 9895430a29173c903e7b484379db1140
      size: 3653
    params:
      params.yaml:
        data_ingestion.test_size: 0.2
    outs:
    - path: data/raw
      hash: md5
      md5: 1a287d34dc172d9f950c03dae35f7e73.dir
      size: 484846
      nfiles: 2
  data_preprocessing:
    cmd: python src/data_preprocessing.py
    deps:
    - path: data/raw
      hash: md5
      md5: 1a287d34dc172d9f950c03dae35f7e73.dir
      size: 484846
      nfiles: 2
    - path: src/data_preprocessing.py
      hash: md5
      md5: 2daf8a1f4eba153217787c6828c230bf
      size: 4003
    outs:
    - path: data/interim
      hash: md5
      md5: d99be5cb2b019d747166f90739fa6d08.dir
      size: 260073
      nfiles: 2
  feature_engineering:
    cmd: python src/feature_engineering.py
    deps:
    - path: data/interim
      hash: md5
      md5: d99be5cb2b019d747166f90739fa6d08.dir
      size: 260073
      nfiles: 2
    - path: src/feature_engineering.py
      hash: md5
      md5: d2cc8c5b6fda780aaded99dae3da3fef
      size: 3912
    params:
      params.yaml:
        feature_engineering.max_features: 20
    outs:
    - path: data/processed
      hash: md5
      md5: 7868a4b134dc4170c030b1f603d39496.dir
      size: 484153
      nfiles: 2
  model_training:
    cmd: python src/model_training.py
    deps:
    - path: data/processed
      hash: md5
      md5: 7868a4b134dc4170c030b1f603d39496.dir
      size: 484153
      nfiles: 2
    - path: src/model_training.py
      hash: md5
      md5: 8f67be65a6c1cc5bd9a02a925007334e
      size: 4531
    params:
      params.yaml:
        model_training.n_estimators: 25
        model_training.random_state: 2
    outs:
    - path: models/model.pkl
      hash: md5
      md5: 6bf79cc0de6e896ebd0f37267e3d019e
      size: 595216
  model_evaluation:
    cmd: python src/model_evaluation.py
    deps:
    - path: models/model.pkl
      hash: md5
      md5: 6bf79cc0de6e896ebd0f37267e3d019e
      size: 595216
    - path: src/model_evaluation.py
      hash: md5
      md5: 5e2d86c9831be2e783f53c908bc31ff7
      size: 4687
    outs:
    - path: reports/metrics.json
      hash: md5
      md5: 3590854563cb886c693a6cdabe0d435e
      size: 144
